// !$*UTF8*$!
{
	archiveVersion = 1;
	classes = {
	};
	objectVersion = 56;
	objects = {

/* Begin PBXBuildFile section */
		594D64CD2CAB1FDF00C94C54 /* AspectVGrid.swift in Sources */ = {isa = PBXBuildFile; fileRef = 594D64CC2CAB1FDF00C94C54 /* AspectVGrid.swift */; };
		594D64CF2CAD5AE100C94C54 /* CardView.swift in Sources */ = {isa = PBXBuildFile; fileRef = 594D64CE2CAD5AE100C94C54 /* CardView.swift */; };
		594D64D12CAEA83A00C94C54 /* Pie.swift in Sources */ = {isa = PBXBuildFile; fileRef = 594D64D02CAEA83A00C94C54 /* Pie.swift */; };
		594D64D32CAF466300C94C54 /* Cardify.swift in Sources */ = {isa = PBXBuildFile; fileRef = 594D64D22CAF466300C94C54 /* Cardify.swift */; };
		596E9E472C7CA20700CB6502 /* MemorizeApp.swift in Sources */ = {isa = PBXBuildFile; fileRef = 596E9E462C7CA20700CB6502 /* MemorizeApp.swift */; };
		596E9E492C7CA20700CB6502 /* MatchCardGameView.swift in Sources */ = {isa = PBXBuildFile; fileRef = 596E9E482C7CA20700CB6502 /* MatchCardGameView.swift */; };
		596E9E4B2C7CA20A00CB6502 /* Assets.xcassets in Resources */ = {isa = PBXBuildFile; fileRef = 596E9E4A2C7CA20A00CB6502 /* Assets.xcassets */; };
		596E9E4E2C7CA20A00CB6502 /* Preview Assets.xcassets in Resources */ = {isa = PBXBuildFile; fileRef = 596E9E4D2C7CA20A00CB6502 /* Preview Assets.xcassets */; };
		596E9E592C89B6FE00CB6502 /* MemorizeGame.swift in Sources */ = {isa = PBXBuildFile; fileRef = 596E9E582C89B6FE00CB6502 /* MemorizeGame.swift */; };
		596E9E5B2C89B7AE00CB6502 /* EmojiMemoryGame.swift in Sources */ = {isa = PBXBuildFile; fileRef = 596E9E5A2C89B7AE00CB6502 /* EmojiMemoryGame.swift */; };
/* End PBXBuildFile section */

/* Begin PBXFileReference section */
		594D64CC2CAB1FDF00C94C54 /* AspectVGrid.swift */ = {isa = PBXFileReference; lastKnownFileType = sourcecode.swift; path = AspectVGrid.swift; sourceTree = "<group>"; };
		594D64CE2CAD5AE100C94C54 /* CardView.swift */ = {isa = PBXFileReference; lastKnownFileType = sourcecode.swift; path = CardView.swift; sourceTree = "<group>"; };
		594D64D02CAEA83A00C94C54 /* Pie.swift */ = {isa = PBXFileReference; lastKnownFileType = sourcecode.swift; path = Pie.swift; sourceTree = "<group>"; };
		594D64D22CAF466300C94C54 /* Cardify.swift */ = {isa = PBXFileReference; lastKnownFileType = sourcecode.swift; path = Cardify.swift; sourceTree = "<group>"; };
		596E9E432C7CA20700CB6502 /* Memorize.app */ = {isa = PBXFileReference; explicitFileType = wrapper.application; includeInIndex = 0; path = Memorize.app; sourceTree = BUILT_PRODUCTS_DIR; };
		596E9E462C7CA20700CB6502 /* MemorizeApp.swift */ = {isa = PBXFileReference; lastKnownFileType = sourcecode.swift; path = MemorizeApp.swift; sourceTree = "<group>"; };
		596E9E482C7CA20700CB6502 /* MatchCardGameView.swift */ = {isa = PBXFileReference; lastKnownFileType = sourcecode.swift; path = MatchCardGameView.swift; sourceTree = "<group>"; };
		596E9E4A2C7CA20A00CB6502 /* Assets.xcassets */ = {isa = PBXFileReference; lastKnownFileType = folder.assetcatalog; path = Assets.xcassets; sourceTree = "<group>"; };
		596E9E4D2C7CA20A00CB6502 /* Preview Assets.xcassets */ = {isa = PBXFileReference; lastKnownFileType = folder.assetcatalog; path = "Preview Assets.xcassets"; sourceTree = "<group>"; };
		596E9E582C89B6FE00CB6502 /* MemorizeGame.swift */ = {isa = PBXFileReference; lastKnownFileType = sourcecode.swift; path = MemorizeGame.swift; sourceTree = "<group>"; };
		596E9E5A2C89B7AE00CB6502 /* EmojiMemoryGame.swift */ = {isa = PBXFileReference; lastKnownFileType = sourcecode.swift; path = EmojiMemoryGame.swift; sourceTree = "<group>"; };
/* End PBXFileReference section */

/* Begin PBXFrameworksBuildPhase section */
		596E9E402C7CA20700CB6502 /* Frameworks */ = {
			isa = PBXFrameworksBuildPhase;
			buildActionMask = 2147483647;
			files = (
			);
			runOnlyForDeploymentPostprocessing = 0;
		};
/* End PBXFrameworksBuildPhase section */

/* Begin PBXGroup section */
		596E9E3A2C7CA20700CB6502 = {
			isa = PBXGroup;
			children = (
				596E9E452C7CA20700CB6502 /* Memorize */,
				596E9E442C7CA20700CB6502 /* Products */,
			);
			sourceTree = "<group>";
		};
		596E9E442C7CA20700CB6502 /* Products */ = {
			isa = PBXGroup;
			children = (
				596E9E432C7CA20700CB6502 /* Memorize.app */,
			);
			name = Products;
			sourceTree = "<group>";
		};
		596E9E452C7CA20700CB6502 /* Memorize */ = {
			isa = PBXGroup;
			children = (
				596E9E572C89B6DA00CB6502 /* Model */,
				596E9E562C89B6CF00CB6502 /* View */,
				596E9E542C89B6B300CB6502 /* ViewModel */,
				596E9E462C7CA20700CB6502 /* MemorizeApp.swift */,
				596E9E4A2C7CA20A00CB6502 /* Assets.xcassets */,
				596E9E4C2C7CA20A00CB6502 /* Preview Content */,
			);
			path = Memorize;
			sourceTree = "<group>";
		};
		596E9E4C2C7CA20A00CB6502 /* Preview Content */ = {
			isa = PBXGroup;
			children = (
				596E9E4D2C7CA20A00CB6502 /* Preview Assets.xcassets */,
			);
			path = "Preview Content";
			sourceTree = "<group>";
		};
		596E9E542C89B6B300CB6502 /* ViewModel */ = {
			isa = PBXGroup;
			children = (
				596E9E5A2C89B7AE00CB6502 /* EmojiMemoryGame.swift */,
			);
			path = ViewModel;
			sourceTree = "<group>";
		};
		596E9E562C89B6CF00CB6502 /* View */ = {
			isa = PBXGroup;
			children = (
				596E9E482C7CA20700CB6502 /* MatchCardGameView.swift */,
				594D64CC2CAB1FDF00C94C54 /* AspectVGrid.swift */,
				594D64CE2CAD5AE100C94C54 /* CardView.swift */,
				594D64D02CAEA83A00C94C54 /* Pie.swift */,
				594D64D22CAF466300C94C54 /* Cardify.swift */,
			);
			path = View;
			sourceTree = "<group>";
		};
		596E9E572C89B6DA00CB6502 /* Model */ = {
			isa = PBXGroup;
			children = (
				596E9E582C89B6FE00CB6502 /* MemorizeGame.swift */,
			);
			path = Model;
			sourceTree = "<group>";
		};
/* End PBXGroup section */

/* Begin PBXNativeTarget section */
		596E9E422C7CA20700CB6502 /* Memorize */ = {
			isa = PBXNativeTarget;
			buildConfigurationList = 596E9E512C7CA20A00CB6502 /* Build configuration list for PBXNativeTarget "Memorize" */;
			buildPhases = (
				596E9E3F2C7CA20700CB6502 /* Sources */,
				596E9E402C7CA20700CB6502 /* Frameworks */,
				596E9E412C7CA20700CB6502 /* Resources */,
			);
			buildRules = (
			);
			dependencies = (
			);
			name = Memorize;
			productName = Memorize;
			productReference = 596E9E432C7CA20700CB6502 /* Memorize.app */;
			productType = "com.apple.product-type.application";
		};
/* End PBXNativeTarget section */

/* Begin PBXProject section */
		596E9E3B2C7CA20700CB6502 /* Project object */ = {
			isa = PBXProject;
			attributes = {
				BuildIndependentTargetsInParallel = 1;
				LastSwiftUpdateCheck = 1430;
				LastUpgradeCheck = 1430;
				TargetAttributes = {
					596E9E422C7CA20700CB6502 = {
						CreatedOnToolsVersion = 14.3;
					};
				};
			};
			buildConfigurationList = 596E9E3E2C7CA20700CB6502 /* Build configuration list for PBXProject "Memorize" */;
			compatibilityVersion = "Xcode 14.0";
			developmentRegion = en;
			hasScannedForEncodings = 0;
			knownRegions = (
				en,
				Base,
			);
			mainGroup = 596E9E3A2C7CA20700CB6502;
			productRefGroup = 596E9E442C7CA20700CB6502 /* Products */;
			projectDirPath = "";
			projectRoot = "";
			targets = (
				596E9E422C7CA20700CB6502 /* Memorize */,
			);
		};
/* End PBXProject section */

/* Begin PBXResourcesBuildPhase section */
		596E9E412C7CA20700CB6502 /* Resources */ = {
			isa = PBXResourcesBuildPhase;
			buildActionMask = 2147483647;
			files = (
				596E9E4E2C7CA20A00CB6502 /* Preview Assets.xcassets in Resources */,
				596E9E4B2C7CA20A00CB6502 /* Assets.xcassets in Resources */,
			);
			runOnlyForDeploymentPostprocessing = 0;
		};
/* End PBXResourcesBuildPhase section */

/* Begin PBXSourcesBuildPhase section */
		596E9E3F2C7CA20700CB6502 /* Sources */ = {
			isa = PBXSourcesBuildPhase;
			buildActionMask = 2147483647;
			files = (
				596E9E492C7CA20700CB6502 /* MatchCardGameView.swift in Sources */,
				596E9E472C7CA20700CB6502 /* MemorizeApp.swift in Sources */,
				594D64D32CAF466300C94C54 /* Cardify.swift in Sources */,
				596E9E592C89B6FE00CB6502 /* MemorizeGame.swift in Sources */,
				594D64CD2CAB1FDF00C94C54 /* AspectVGrid.swift in Sources */,
				594D64D12CAEA83A00C94C54 /* Pie.swift in Sources */,
				594D64CF2CAD5AE100C94C54 /* CardView.swift in Sources */,
				596E9E5B2C89B7AE00CB6502 /* EmojiMemoryGame.swift in Sources */,
			);
			runOnlyForDeploymentPostprocessing = 0;
		};
/* End PBXSourcesBuildPhase section */

/* Begin XCBuildConfiguration section */
		596E9E4F2C7CA20A00CB6502 /* Debug */ = {
			isa = XCBuildConfiguration;
			buildSettings = {
				ALWAYS_SEARCH_USER_PATHS = NO;
				CLANG_ANALYZER_NONNULL = YES;
				CLANG_ANALYZER_NUMBER_OBJECT_CONVERSION = YES_AGGRESSIVE;
				CLANG_CXX_LANGUAGE_STANDARD = "gnu++20";
				CLANG_ENABLE_MODULES = YES;
				CLANG_ENABLE_OBJC_ARC = YES;
				CLANG_ENABLE_OBJC_WEAK = YES;
				CLANG_WARN_BLOCK_CAPTURE_AUTORELEASING = YES;
				CLANG_WARN_BOOL_CONVERSION = YES;
				CLANG_WARN_COMMA = YES;
				CLANG_WARN_CONSTANT_CONVERSION = YES;
				CLANG_WARN_DEPRECATED_OBJC_IMPLEMENTATIONS = YES;
				CLANG_WARN_DIRECT_OBJC_ISA_USAGE = YES_ERROR;
				CLANG_WARN_DOCUMENTATION_COMMENTS = YES;
				CLANG_WARN_EMPTY_BODY = YES;
				CLANG_WARN_ENUM_CONVERSION = YES;
				CLANG_WARN_INFINITE_RECURSION = YES;
				CLANG_WARN_INT_CONVERSION = YES;
				CLANG_WARN_NON_LITERAL_NULL_CONVERSION = YES;
				CLANG_WARN_OBJC_IMPLICIT_RETAIN_SELF = YES;
				CLANG_WARN_OBJC_LITERAL_CONVERSION = YES;
				CLANG_WARN_OBJC_ROOT_CLASS = YES_ERROR;
				CLANG_WARN_QUOTED_INCLUDE_IN_FRAMEWORK_HEADER = YES;
				CLANG_WARN_RANGE_LOOP_ANALYSIS = YES;
				CLANG_WARN_STRICT_PROTOTYPES = YES;
				CLANG_WARN_SUSPICIOUS_MOVE = YES;
				CLANG_WARN_UNGUARDED_AVAILABILITY = YES_AGGRESSIVE;
				CLANG_WARN_UNREACHABLE_CODE = YES;
				CLANG_WARN__DUPLICATE_METHOD_MATCH = YES;
				COPY_PHASE_STRIP = NO;
				DEBUG_INFORMATION_FORMAT = dwarf;
				ENABLE_STRICT_OBJC_MSGSEND = YES;
				ENABLE_TESTABILITY = YES;
				GCC_C_LANGUAGE_STANDARD = gnu11;
				GCC_DYNAMIC_NO_PIC = NO;
				GCC_NO_COMMON_BLOCKS = YES;
				GCC_OPTIMIZATION_LEVEL = 0;
				GCC_PREPROCESSOR_DEFINITIONS = (
					"DEBUG=1",
					"$(inherited)",
				);
				GCC_WARN_64_TO_32_BIT_CONVERSION = YES;
				GCC_WARN_ABOUT_RETURN_TYPE = YES_ERROR;
				GCC_WARN_UNDECLARED_SELECTOR = YES;
				GCC_WARN_UNINITIALIZED_AUTOS = YES_AGGRESSIVE;
				GCC_WARN_UNUSED_FUNCTION = YES;
				GCC_WARN_UNUSED_VARIABLE = YES;
				IPHONEOS_DEPLOYMENT_TARGET = 16.4;
				MTL_ENABLE_DEBUG_INFO = INCLUDE_SOURCE;
				MTL_FAST_MATH = YES;
				ONLY_ACTIVE_ARCH = YES;
				SDKROOT = iphoneos;
				SWIFT_ACTIVE_COMPILATION_CONDITIONS = DEBUG;
				SWIFT_OPTIMIZATION_LEVEL = "-Onone";
			};
			name = Debug;
		};
		596E9E502C7CA20A00CB6502 /* Release */ = {
			isa = XCBuildConfiguration;
			buildSettings = {
				ALWAYS_SEARCH_USER_PATHS = NO;
				CLANG_ANALYZER_NONNULL = YES;
				CLANG_ANALYZER_NUMBER_OBJECT_CONVERSION = YES_AGGRESSIVE;
				CLANG_CXX_LANGUAGE_STANDARD = "gnu++20";
				CLANG_ENABLE_MODULES = YES;
				CLANG_ENABLE_OBJC_ARC = YES;
				CLANG_ENABLE_OBJC_WEAK = YES;
				CLANG_WARN_BLOCK_CAPTURE_AUTORELEASING = YES;
				CLANG_WARN_BOOL_CONVERSION = YES;
				CLANG_WARN_COMMA = YES;
				CLANG_WARN_CONSTANT_CONVERSION = YES;
				CLANG_WARN_DEPRECATED_OBJC_IMPLEMENTATIONS = YES;
				CLANG_WARN_DIRECT_OBJC_ISA_USAGE = YES_ERROR;
				CLANG_WARN_DOCUMENTATION_COMMENTS = YES;
				CLANG_WARN_EMPTY_BODY = YES;
				CLANG_WARN_ENUM_CONVERSION = YES;
				CLANG_WARN_INFINITE_RECURSION = YES;
				CLANG_WARN_INT_CONVERSION = YES;
				CLANG_WARN_NON_LITERAL_NULL_CONVERSION = YES;
				CLANG_WARN_OBJC_IMPLICIT_RETAIN_SELF = YES;
				CLANG_WARN_OBJC_LITERAL_CONVERSION = YES;
				CLANG_WARN_OBJC_ROOT_CLASS = YES_ERROR;
				CLANG_WARN_QUOTED_INCLUDE_IN_FRAMEWORK_HEADER = YES;
				CLANG_WARN_RANGE_LOOP_ANALYSIS = YES;
				CLANG_WARN_STRICT_PROTOTYPES = YES;
				CLANG_WARN_SUSPICIOUS_MOVE = YES;
				CLANG_WARN_UNGUARDED_AVAILABILITY = YES_AGGRESSIVE;
				CLANG_WARN_UNREACHABLE_CODE = YES;
				CLANG_WARN__DUPLICATE_METHOD_MATCH = YES;
				COPY_PHASE_STRIP = NO;
				DEBUG_INFORMATION_FORMAT = "dwarf-with-dsym";
				ENABLE_NS_ASSERTIONS = NO;
				ENABLE_STRICT_OBJC_MSGSEND = YES;
				GCC_C_LANGUAGE_STANDARD = gnu11;
				GCC_NO_COMMON_BLOCKS = YES;
				GCC_WARN_64_TO_32_BIT_CONVERSION = YES;
				GCC_WARN_ABOUT_RETURN_TYPE = YES_ERROR;
				GCC_WARN_UNDECLARED_SELECTOR = YES;
				GCC_WARN_UNINITIALIZED_AUTOS = YES_AGGRESSIVE;
				GCC_WARN_UNUSED_FUNCTION = YES;
				GCC_WARN_UNUSED_VARIABLE = YES;
				IPHONEOS_DEPLOYMENT_TARGET = 16.4;
				MTL_ENABLE_DEBUG_INFO = NO;
				MTL_FAST_MATH = YES;
				SDKROOT = iphoneos;
				SWIFT_COMPILATION_MODE = wholemodule;
				SWIFT_OPTIMIZATION_LEVEL = "-O";
				VALIDATE_PRODUCT = YES;
			};
			name = Release;
		};
		596E9E522C7CA20A00CB6502 /* Debug */ = {
			isa = XCBuildConfiguration;
			buildSettings = {
				ASSETCATALOG_COMPILER_APPICON_NAME = AppIcon;
				ASSETCATALOG_COMPILER_GLOBAL_ACCENT_COLOR_NAME = AccentColor;
				CODE_SIGN_STYLE = Automatic;
				CURRENT_PROJECT_VERSION = 1;
				DEVELOPMENT_ASSET_PATHS = "\"Memorize/Preview Content\"";
				DEVELOPMENT_TEAM = 223FJ464B7;
				ENABLE_PREVIEWS = YES;
				GENERATE_INFOPLIST_FILE = YES;
				INFOPLIST_KEY_UIApplicationSceneManifest_Generation = YES;
				INFOPLIST_KEY_UIApplicationSupportsIndirectInputEvents = YES;
				INFOPLIST_KEY_UILaunchScreen_Generation = YES;
				INFOPLIST_KEY_UISupportedInterfaceOrientations_iPad = "UIInterfaceOrientationPortrait UIInterfaceOrientationPortraitUpsideDown UIInterfaceOrientationLandscapeLeft UIInterfaceOrientationLandscapeRight";
				INFOPLIST_KEY_UISupportedInterfaceOrientations_iPhone = "UIInterfaceOrientationPortrait UIInterfaceOrientationLandscapeLeft UIInterfaceOrientationLandscapeRight";
				LD_RUNPATH_SEARCH_PATHS = (
					"$(inherited)",
					"@executable_path/Frameworks",
				);
				MARKETING_VERSION = 1.0;
				PRODUCT_BUNDLE_IDENTIFIER = com.cardGame.Memorize;
				PRODUCT_NAME = "$(TARGET_NAME)";
				SWIFT_EMIT_LOC_STRINGS = YES;
				SWIFT_VERSION = 5.0;
				TARGETED_DEVICE_FAMILY = "1,2";
			};
			name = Debug;
		};
		596E9E532C7CA20A00CB6502 /* Release */ = {
			isa = XCBuildConfiguration;
			buildSettings = {
				ASSETCATALOG_COMPILER_APPICON_NAME = AppIcon;
				ASSETCATALOG_COMPILER_GLOBAL_ACCENT_COLOR_NAME = AccentColor;
				CODE_SIGN_STYLE = Automatic;
				CURRENT_PROJECT_VERSION = 1;
				DEVELOPMENT_ASSET_PATHS = "\"Memorize/Preview Content\"";
				DEVELOPMENT_TEAM = 223FJ464B7;
				ENABLE_PREVIEWS = YES;
				GENERATE_INFOPLIST_FILE = YES;
				INFOPLIST_KEY_UIApplicationSceneManifest_Generation = YES;
				INFOPLIST_KEY_UIApplicationSupportsIndirectInputEvents = YES;
				INFOPLIST_KEY_UILaunchScreen_Generation = YES;
				INFOPLIST_KEY_UISupportedInterfaceOrientations_iPad = "UIInterfaceOrientationPortrait UIInterfaceOrientationPortraitUpsideDown UIInterfaceOrientationLandscapeLeft UIInterfaceOrientationLandscapeRight";
				INFOPLIST_KEY_UISupportedInterfaceOrientations_iPhone = "UIInterfaceOrientationPortrait UIInterfaceOrientationLandscapeLeft UIInterfaceOrientationLandscapeRight";
				LD_RUNPATH_SEARCH_PATHS = (
					"$(inherited)",
					"@executable_path/Frameworks",
				);
				MARKETING_VERSION = 1.0;
				PRODUCT_BUNDLE_IDENTIFIER = com.cardGame.Memorize;
				PRODUCT_NAME = "$(TARGET_NAME)";
				SWIFT_EMIT_LOC_STRINGS = YES;
				SWIFT_VERSION = 5.0;
				TARGETED_DEVICE_FAMILY = "1,2";
			};
			name = Release;
		};
/* End XCBuildConfiguration section */

/* Begin XCConfigurationList section */
		596E9E3E2C7CA20700CB6502 /* Build configuration list for PBXProject "Memorize" */ = {
			isa = XCConfigurationList;
			buildConfigurations = (
				596E9E4F2C7CA20A00CB6502 /* Debug */,
				596E9E502C7CA20A00CB6502 /* Release */,
			);
			defaultConfigurationIsVisible = 0;
			defaultConfigurationName = Release;
		};
		596E9E512C7CA20A00CB6502 /* Build configuration list for PBXNativeTarget "Memorize" */ = {
			isa = XCConfigurationList;
			buildConfigurations = (
				596E9E522C7CA20A00CB6502 /* Debug */,
				596E9E532C7CA20A00CB6502 /* Release */,
			);
			defaultConfigurationIsVisible = 0;
			defaultConfigurationName = Release;
		};
/* End XCConfigurationList section */
	};
	rootObject = 596E9E3B2C7CA20700CB6502 /* Project object */;
}
